<?xml version="1.0" encoding="utf-8"?>
<Project ToolsVersion="4.0" xmlns="http://schemas.microsoft.com/developer/msbuild/2003">
  <ItemGroup>
    <Filter Include="config">
      <UniqueIdentifier>{71e47dd5-c264-4729-bf33-e26991cb7f9f}</UniqueIdentifier>
    </Filter>
    <Filter Include="gaming">
      <UniqueIdentifier>{33ba19ed-6437-48dd-a345-3f3e53c287ad}</UniqueIdentifier>
    </Filter>
    <Filter Include="messengers">
      <UniqueIdentifier>{624d4b02-0da1-4e37-af4e-3aff32c73c3b}</UniqueIdentifier>
    </Filter>
    <Filter Include="files">
      <UniqueIdentifier>{ea8e7e20-df60-4673-96f6-dd73631fce4a}</UniqueIdentifier>
    </Filter>
    <Filter Include="helper">
      <UniqueIdentifier>{205512f3-fea9-412a-9cfc-98714a90bb7f}</UniqueIdentifier>
    </Filter>
    <Filter Include="pre-start">
      <UniqueIdentifier>{3fc325b4-a6a8-4ab9-a9c4-41169aa5ad16}</UniqueIdentifier>
    </Filter>
    <Filter Include="system">
      <UniqueIdentifier>{96baefef-2cb7-4b81-a613-de259cf2eff6}</UniqueIdentifier>
    </Filter>
    <Filter Include="other">
      <UniqueIdentifier>{ed2d786e-9183-408c-b142-7a83e0447f45}</UniqueIdentifier>
    </Filter>
    <Filter Include="main">
      <UniqueIdentifier>{4FC737F1-C7A5-4376-A066-2A32D752A2FF}</UniqueIdentifier>
      <Extensions>cpp;c;cc;cxx;c++;cppm;ixx;def;odl;idl;hpj;bat;asm;asmx</Extensions>
    </Filter>
    <Filter Include="headers.h">
      <UniqueIdentifier>{93995380-89BD-4b04-88EB-625FBE52EBFB}</UniqueIdentifier>
      <Extensions>h;hh;hpp;hxx;h++;hm;inl;inc;ipp;xsd</Extensions>
    </Filter>
    <Filter Include="resources">
      <UniqueIdentifier>{67DA6AB6-F800-4c08-8B7A-83BB121AAD01}</UniqueIdentifier>
      <Extensions>rc;ico;cur;bmp;dlg;rc2;rct;bin;rgs;gif;jpg;jpeg;jpe;resx;tiff;tif;png;wav;mfcribbon-ms</Extensions>
    </Filter>
    <Filter Include="ending">
      <UniqueIdentifier>{ec28014e-1df1-445c-bf0d-f5277ec8043c}</UniqueIdentifier>
    </Filter>
  </ItemGroup>
  <ItemGroup>
    <ClCompile Include="The Blow-Eagle stealer console.cpp">
      <Filter>main</Filter>
    </ClCompile>
    <ClCompile Include="config\config.cpp">
      <Filter>config</Filter>
    </ClCompile>
    <ClCompile Include="targets\gaming\steam.cpp">
      <Filter>gaming</Filter>
    </ClCompile>
    <ClCompile Include="targets\gaming\minecraft.cpp">
      <Filter>gaming</Filter>
    </ClCompile>
    <ClCompile Include="targets\gaming\epicGames.cpp">
      <Filter>gaming</Filter>
    </ClCompile>
    <ClCompile Include="targets\gaming\battleNET.cpp">
      <Filter>gaming</Filter>
    </ClCompile>
    <ClCompile Include="targets\gaming\uplay.cpp">
      <Filter>gaming</Filter>
    </ClCompile>
    <ClCompile Include="targets\messengers\whatsapp.cpp">
      <Filter>messengers</Filter>
    </ClCompile>
    <ClCompile Include="targets\messengers\viber.cpp">
      <Filter>messengers</Filter>
    </ClCompile>
    <ClCompile Include="targets\messengers\skype.cpp">
      <Filter>messengers</Filter>
    </ClCompile>
    <ClCompile Include="targets\messengers\discord.cpp">
      <Filter>messengers</Filter>
    </ClCompile>
    <ClCompile Include="targets\messengers\telegram.cpp">
      <Filter>messengers</Filter>
    </ClCompile>
    <ClCompile Include="targets\files\file-grabber.cpp">
      <Filter>files</Filter>
    </ClCompile>
    <ClCompile Include="targets\files\txt.cpp">
      <Filter>files</Filter>
    </ClCompile>
    <ClCompile Include="helper\helper.cpp">
      <Filter>helper</Filter>
    </ClCompile>
    <ClCompile Include="scripts\secure\anti-debug.cpp">
      <Filter>pre-start</Filter>
    </ClCompile>
    <ClCompile Include="scripts\manager\dirs.cpp">
      <Filter>pre-start</Filter>
    </ClCompile>
    <ClCompile Include="targets\system\progs.cpp">
      <Filter>system</Filter>
    </ClCompile>
    <ClCompile Include="targets\system\systeminfo.cpp">
      <Filter>system</Filter>
    </ClCompile>
    <ClCompile Include="targets\system\processes.cpp">
      <Filter>system</Filter>
    </ClCompile>
    <ClCompile Include="targets\wallets\wallets.cpp">
      <Filter>other</Filter>
    </ClCompile>
    <ClCompile Include="targets\browsers\browsers.cpp">
      <Filter>other</Filter>
    </ClCompile>
    <ClCompile Include="targets\images\screenshot.cpp">
      <Filter>other</Filter>
    </ClCompile>
    <ClCompile Include="scripts\manager\zip.cpp">
      <Filter>ending</Filter>
    </ClCompile>
    <ClCompile Include="scripts\manager\send.cpp">
      <Filter>ending</Filter>
    </ClCompile>
  </ItemGroup>
  <ItemGroup>
    <ResourceCompile Include="config\AssemblyInfo.rc">
      <Filter>resources</Filter>
    </ResourceCompile>
  </ItemGroup>
  <ItemGroup>
    <Image Include="config\icon.ico">
      <Filter>resources</Filter>
    </Image>
  </ItemGroup>
  <ItemGroup>
    <ClInclude Include="scripts\scripts.h">
      <Filter>headers.h</Filter>
    </ClInclude>
    <ClInclude Include="targets\targets.h">
      <Filter>headers.h</Filter>
    </ClInclude>
    <ClInclude Include="helper\helper.h">
      <Filter>headers.h</Filter>
    </ClInclude>
  </ItemGroup>
</Project>